
Microsoft Visual Studio Solution File, Format Version 12.00
# Visual Studio 15
VisualStudioVersion = 15.0.28307.1062
MinimumVisualStudioVersion = 10.0.40219.1
Project("{8BC9CEB8-8B4A-11D0-8D11-00A0C91BC942}") = "PA1", "PA1\PA1.vcxproj", "{88B89DDE-3E78-4AA4-85E7-7C6FC6974912}"
EndProject
Global
	GlobalSection(SolutionConfigurationPlatforms) = preSolution
		Debug|x64 = Debug|x64
		Debug|x86 = Debug|x86
		Release|x64 = Release|x64
		Release|x86 = Release|x86
	EndGlobalSection
	GlobalSection(ProjectConfigurationPlatforms) = postSolution
		{88B89DDE-3E78-4AA4-85E7-7C6FC6974912}.Debug|x64.ActiveCfg = Debug|x64
		{88B89DDE-3E78-4AA4-85E7-7C6FC6974912}.Debug|x64.Build.0 = Debug|x64
		{88B89DDE-3E78-4AA4-85E7-7C6FC6974912}.Debug|x86.ActiveCfg = Debug|Win32
		{88B89DDE-3E78-4AA4-85E7-7C6FC6974912}.Debug|x86.Build.0 = Debug|Win32
		{88B89DDE-3E78-4AA4-85E7-7C6FC6974912}.Release|x64.ActiveCfg = Release|x64
		{88B89DDE-3E78-4AA4-85E7-7C6FC6974912}.Release|x64.Build.0 = Release|x64
		{88B89DDE-3E78-4AA4-85E7-7C6FC6974912}.Release|x86.ActiveCfg = Release|Win32
		{88B89DDE-3E78-4AA4-85E7-7C6FC6974912}.Release|x86.Build.0 = Release|Win32
	EndGlobalSection
	GlobalSection(SolutionProperties) = preSolution
		HideSolutionNode = FALSE
	EndGlobalSection
	GlobalSection(ExtensibilityGlobals) = postSolution
		SolutionGuid = {67D45473-9BC3-4249-9887-B366982AF271}
	EndGlobalSection
EndGlobal
